
Microsoft Visual Studio Solution File, Format Version 12.00
# Visual Studio Version 17
VisualStudioVersion = 17.9.34701.34
MinimumVisualStudioVersion = 10.0.40219.1
Project("{FAE04EC0-301F-11D3-BF4B-00C04F79EFBC}") = "DbOperationWithEFCoreApp", "DbOperationWithEFCoreApp\DbOperationWithEFCoreApp.csproj", "{BFA3085D-883B-49DF-BD32-58FBA3608E98}"
EndProject
Global
	GlobalSection(SolutionConfigurationPlatforms) = preSolution
		Debug|Any CPU = Debug|Any CPU
		Release|Any CPU = Release|Any CPU
	EndGlobalSection
	GlobalSection(ProjectConfigurationPlatforms) = postSolution
		{BFA3085D-883B-49DF-BD32-58FBA3608E98}.Debug|Any CPU.ActiveCfg = Debug|Any CPU
		{BFA3085D-883B-49DF-BD32-58FBA3608E98}.Debug|Any CPU.Build.0 = Debug|Any CPU
		{BFA3085D-883B-49DF-BD32-58FBA3608E98}.Release|Any CPU.ActiveCfg = Release|Any CPU
		{BFA3085D-883B-49DF-BD32-58FBA3608E98}.Release|Any CPU.Build.0 = Release|Any CPU
	EndGlobalSection
	GlobalSection(SolutionProperties) = preSolution
		HideSolutionNode = FALSE
	EndGlobalSection
	GlobalSection(ExtensibilityGlobals) = postSolution
		SolutionGuid = {92E02DDC-005B-4F42-826A-6F9A757F627B}
	EndGlobalSection
EndGlobal
